// !$*UTF8*$!
{
	archiveVersion = 1;
	classes = {
	};
	objectVersion = 77;
	objects = {

/* Begin PBXContainerItemProxy section */
		EBC334B32D03EF14001D6124 /* PBXContainerItemProxy */ = {
			isa = PBXContainerItemProxy;
			containerPortal = EBC334982D03EF13001D6124 /* Project object */;
			proxyType = 1;
			remoteGlobalIDString = EBC3349F2D03EF13001D6124;
			remoteInfo = coloree;
		};
		EBC334BD2D03EF14001D6124 /* PBXContainerItemProxy */ = {
			isa = PBXContainerItemProxy;
			containerPortal = EBC334982D03EF13001D6124 /* Project object */;
			proxyType = 1;
			remoteGlobalIDString = EBC3349F2D03EF13001D6124;
			remoteInfo = coloree;
		};
/* End PBXContainerItemProxy section */

/* Begin PBXFileReference section */
		EBC334A02D03EF13001D6124 /* coloree.app */ = {isa = PBXFileReference; explicitFileType = wrapper.application; includeInIndex = 0; path = coloree.app; sourceTree = BUILT_PRODUCTS_DIR; };
		EBC334B22D03EF14001D6124 /* coloreeTests.xctest */ = {isa = PBXFileReference; explicitFileType = wrapper.cfbundle; includeInIndex = 0; path = coloreeTests.xctest; sourceTree = BUILT_PRODUCTS_DIR; };
		EBC334BC2D03EF14001D6124 /* coloreeUITests.xctest */ = {isa = PBXFileReference; explicitFileType = wrapper.cfbundle; includeInIndex = 0; path = coloreeUITests.xctest; sourceTree = BUILT_PRODUCTS_DIR; };
/* End PBXFileReference section */

/* Begin PBXFileSystemSynchronizedBuildFileExceptionSet section */
		EBC334FE2D03FB55001D6124 /* Exceptions for "coloree" folder in "coloree" target */ = {
			isa = PBXFileSystemSynchronizedBuildFileExceptionSet;
			membershipExceptions = (
				Info.plist,
			);
			target = EBC3349F2D03EF13001D6124 /* coloree */;
		};
/* End PBXFileSystemSynchronizedBuildFileExceptionSet section */

/* Begin PBXFileSystemSynchronizedRootGroup section */
		EBC334A22D03EF13001D6124 /* coloree */ = {
			isa = PBXFileSystemSynchronizedRootGroup;
			exceptions = (
				EBC334FE2D03FB55001D6124 /* Exceptions for "coloree" folder in "coloree" target */,
			);
			path = coloree;
			sourceTree = "<group>";
		};
		EBC334B52D03EF14001D6124 /* coloreeTests */ = {
			isa = PBXFileSystemSynchronizedRootGroup;
			path = coloreeTests;
			sourceTree = "<group>";
		};
		EBC334BF2D03EF14001D6124 /* coloreeUITests */ = {
			isa = PBXFileSystemSynchronizedRootGroup;
			path = coloreeUITests;
			sourceTree = "<group>";
		};
/* End PBXFileSystemSynchronizedRootGroup section */

/* Begin PBXFrameworksBuildPhase section */
		EBC3349D2D03EF13001D6124 /* Frameworks */ = {
			isa = PBXFrameworksBuildPhase;
			buildActionMask = 2147483647;
			files = (
			);
			runOnlyForDeploymentPostprocessing = 0;
		};
		EBC334AF2D03EF14001D6124 /* Frameworks */ = {
			isa = PBXFrameworksBuildPhase;
			buildActionMask = 2147483647;
			files = (
			);
			runOnlyForDeploymentPostprocessing = 0;
		};
		EBC334B92D03EF14001D6124 /* Frameworks */ = {
			isa = PBXFrameworksBuildPhase;
			buildActionMask = 2147483647;
			files = (
			);
			runOnlyForDeploymentPostprocessing = 0;
		};
/* End PBXFrameworksBuildPhase section */

/* Begin PBXGroup section */
		EBC334972D03EF13001D6124 = {
			isa = PBXGroup;
			children = (
				EBC334A22D03EF13001D6124 /* coloree */,
				EBC334B52D03EF14001D6124 /* coloreeTests */,
				EBC334BF2D03EF14001D6124 /* coloreeUITests */,
				EBC334A12D03EF13001D6124 /* Products */,
			);
			sourceTree = "<group>";
		};
		EBC334A12D03EF13001D6124 /* Products */ = {
			isa = PBXGroup;
			children = (
				EBC334A02D03EF13001D6124 /* coloree.app */,
				EBC334B22D03EF14001D6124 /* coloreeTests.xctest */,
				EBC334BC2D03EF14001D6124 /* coloreeUITests.xctest */,
			);
			name = Products;
			sourceTree = "<group>";
		};
/* End PBXGroup section */

/* Begin PBXNativeTarget section */
		EBC3349F2D03EF13001D6124 /* coloree */ = {
			isa = PBXNativeTarget;
			buildConfigurationList = EBC334C62D03EF14001D6124 /* Build configuration list for PBXNativeTarget "coloree" */;
			buildPhases = (
				EBC3349C2D03EF13001D6124 /* Sources */,
				EBC3349D2D03EF13001D6124 /* Frameworks */,
				EBC3349E2D03EF13001D6124 /* Resources */,
			);
			buildRules = (
			);
			dependencies = (
			);
			fileSystemSynchronizedGroups = (
				EBC334A22D03EF13001D6124 /* coloree */,
			);
			name = coloree;
			packageProductDependencies = (
			);
			productName = coloree;
			productReference = EBC334A02D03EF13001D6124 /* coloree.app */;
			productType = "com.apple.product-type.application";
		};
		EBC334B12D03EF14001D6124 /* coloreeTests */ = {
			isa = PBXNativeTarget;
			buildConfigurationList = EBC334C92D03EF14001D6124 /* Build configuration list for PBXNativeTarget "coloreeTests" */;
			buildPhases = (
				EBC334AE2D03EF14001D6124 /* Sources */,
				EBC334AF2D03EF14001D6124 /* Frameworks */,
				EBC334B02D03EF14001D6124 /* Resources */,
			);
			buildRules = (
			);
			dependencies = (
				EBC334B42D03EF14001D6124 /* PBXTargetDependency */,
			);
			fileSystemSynchronizedGroups = (
				EBC334B52D03EF14001D6124 /* coloreeTests */,
			);
			name = coloreeTests;
			packageProductDependencies = (
			);
			productName = coloreeTests;
			productReference = EBC334B22D03EF14001D6124 /* coloreeTests.xctest */;
			productType = "com.apple.product-type.bundle.unit-test";
		};
		EBC334BB2D03EF14001D6124 /* coloreeUITests */ = {
			isa = PBXNativeTarget;
			buildConfigurationList = EBC334CC2D03EF14001D6124 /* Build configuration list for PBXNativeTarget "coloreeUITests" */;
			buildPhases = (
				EBC334B82D03EF14001D6124 /* Sources */,
				EBC334B92D03EF14001D6124 /* Frameworks */,
				EBC334BA2D03EF14001D6124 /* Resources */,
			);
			buildRules = (
			);
			dependencies = (
				EBC334BE2D03EF14001D6124 /* PBXTargetDependency */,
			);
			fileSystemSynchronizedGroups = (
				EBC334BF2D03EF14001D6124 /* coloreeUITests */,
			);
			name = coloreeUITests;
			packageProductDependencies = (
			);
			productName = coloreeUITests;
			productReference = EBC334BC2D03EF14001D6124 /* coloreeUITests.xctest */;
			productType = "com.apple.product-type.bundle.ui-testing";
		};
/* End PBXNativeTarget section */

/* Begin PBXProject section */
		EBC334982D03EF13001D6124 /* Project object */ = {
			isa = PBXProject;
			attributes = {
				BuildIndependentTargetsInParallel = 1;
				LastSwiftUpdateCheck = 1610;
				LastUpgradeCheck = 1610;
				TargetAttributes = {
					EBC3349F2D03EF13001D6124 = {
						CreatedOnToolsVersion = 16.1;
					};
					EBC334B12D03EF14001D6124 = {
						CreatedOnToolsVersion = 16.1;
						TestTargetID = EBC3349F2D03EF13001D6124;
					};
					EBC334BB2D03EF14001D6124 = {
						CreatedOnToolsVersion = 16.1;
						TestTargetID = EBC3349F2D03EF13001D6124;
					};
				};
			};
			buildConfigurationList = EBC3349B2D03EF13001D6124 /* Build configuration list for PBXProject "coloree" */;
			developmentRegion = en;
			hasScannedForEncodings = 0;
			knownRegions = (
				en,
				Base,
			);
			mainGroup = EBC334972D03EF13001D6124;
			minimizedProjectReferenceProxies = 1;
			preferredProjectObjectVersion = 77;
			productRefGroup = EBC334A12D03EF13001D6124 /* Products */;
			projectDirPath = "";
			projectRoot = "";
			targets = (
				EBC3349F2D03EF13001D6124 /* coloree */,
				EBC334B12D03EF14001D6124 /* coloreeTests */,
				EBC334BB2D03EF14001D6124 /* coloreeUITests */,
			);
		};
/* End PBXProject section */

/* Begin PBXResourcesBuildPhase section */
		EBC3349E2D03EF13001D6124 /* Resources */ = {
			isa = PBXResourcesBuildPhase;
			buildActionMask = 2147483647;
			files = (
			);
			runOnlyForDeploymentPostprocessing = 0;
		};
		EBC334B02D03EF14001D6124 /* Resources */ = {
			isa = PBXResourcesBuildPhase;
			buildActionMask = 2147483647;
			files = (
			);
			runOnlyForDeploymentPostprocessing = 0;
		};
		EBC334BA2D03EF14001D6124 /* Resources */ = {
			isa = PBXResourcesBuildPhase;
			buildActionMask = 2147483647;
			files = (
			);
			runOnlyForDeploymentPostprocessing = 0;
		};
/* End PBXResourcesBuildPhase section */

/* Begin PBXSourcesBuildPhase section */
		EBC3349C2D03EF13001D6124 /* Sources */ = {
			isa = PBXSourcesBuildPhase;
			buildActionMask = 2147483647;
			files = (
			);
			runOnlyForDeploymentPostprocessing = 0;
		};
		EBC334AE2D03EF14001D6124 /* Sources */ = {
			isa = PBXSourcesBuildPhase;
			buildActionMask = 2147483647;
			files = (
			);
			runOnlyForDeploymentPostprocessing = 0;
		};
		EBC334B82D03EF14001D6124 /* Sources */ = {
			isa = PBXSourcesBuildPhase;
			buildActionMask = 2147483647;
			files = (
			);
			runOnlyForDeploymentPostprocessing = 0;
		};
/* End PBXSourcesBuildPhase section */

/* Begin PBXTargetDependency section */
		EBC334B42D03EF14001D6124 /* PBXTargetDependency */ = {
			isa = PBXTargetDependency;
			target = EBC3349F2D03EF13001D6124 /* coloree */;
			targetProxy = EBC334B32D03EF14001D6124 /* PBXContainerItemProxy */;
		};
		EBC334BE2D03EF14001D6124 /* PBXTargetDependency */ = {
			isa = PBXTargetDependency;
			target = EBC3349F2D03EF13001D6124 /* coloree */;
			targetProxy = EBC334BD2D03EF14001D6124 /* PBXContainerItemProxy */;
		};
/* End PBXTargetDependency section */

/* Begin XCBuildConfiguration section */
		EBC334C42D03EF14001D6124 /* Debug */ = {
			isa = XCBuildConfiguration;
			buildSettings = {
				ALWAYS_SEARCH_USER_PATHS = NO;
				ASSETCATALOG_COMPILER_GENERATE_SWIFT_ASSET_SYMBOL_EXTENSIONS = YES;
				CLANG_ANALYZER_NONNULL = YES;
				CLANG_ANALYZER_NUMBER_OBJECT_CONVERSION = YES_AGGRESSIVE;
				CLANG_CXX_LANGUAGE_STANDARD = "gnu++20";
				CLANG_ENABLE_MODULES = YES;
				CLANG_ENABLE_OBJC_ARC = YES;
				CLANG_ENABLE_OBJC_WEAK = YES;
				CLANG_WARN_BLOCK_CAPTURE_AUTORELEASING = YES;
				CLANG_WARN_BOOL_CONVERSION = YES;
				CLANG_WARN_COMMA = YES;
				CLANG_WARN_CONSTANT_CONVERSION = YES;
				CLANG_WARN_DEPRECATED_OBJC_IMPLEMENTATIONS = YES;
				CLANG_WARN_DIRECT_OBJC_ISA_USAGE = YES_ERROR;
				CLANG_WARN_DOCUMENTATION_COMMENTS = YES;
				CLANG_WARN_EMPTY_BODY = YES;
				CLANG_WARN_ENUM_CONVERSION = YES;
				CLANG_WARN_INFINITE_RECURSION = YES;
				CLANG_WARN_INT_CONVERSION = YES;
				CLANG_WARN_NON_LITERAL_NULL_CONVERSION = YES;
				CLANG_WARN_OBJC_IMPLICIT_RETAIN_SELF = YES;
				CLANG_WARN_OBJC_LITERAL_CONVERSION = YES;
				CLANG_WARN_OBJC_ROOT_CLASS = YES_ERROR;
				CLANG_WARN_QUOTED_INCLUDE_IN_FRAMEWORK_HEADER = YES;
				CLANG_WARN_RANGE_LOOP_ANALYSIS = YES;
				CLANG_WARN_STRICT_PROTOTYPES = YES;
				CLANG_WARN_SUSPICIOUS_MOVE = YES;
				CLANG_WARN_UNGUARDED_AVAILABILITY = YES_AGGRESSIVE;
				CLANG_WARN_UNREACHABLE_CODE = YES;
				CLANG_WARN__DUPLICATE_METHOD_MATCH = YES;
				COPY_PHASE_STRIP = NO;
				DEBUG_INFORMATION_FORMAT = dwarf;
				ENABLE_STRICT_OBJC_MSGSEND = YES;
				ENABLE_TESTABILITY = YES;
				ENABLE_USER_SCRIPT_SANDBOXING = YES;
				GCC_C_LANGUAGE_STANDARD = gnu17;
				GCC_DYNAMIC_NO_PIC = NO;
				GCC_NO_COMMON_BLOCKS = YES;
				GCC_OPTIMIZATION_LEVEL = 0;
				GCC_PREPROCESSOR_DEFINITIONS = (
					"DEBUG=1",
					"$(inherited)",
				);
				GCC_WARN_64_TO_32_BIT_CONVERSION = YES;
				GCC_WARN_ABOUT_RETURN_TYPE = YES_ERROR;
				GCC_WARN_UNDECLARED_SELECTOR = YES;
				GCC_WARN_UNINITIALIZED_AUTOS = YES_AGGRESSIVE;
				GCC_WARN_UNUSED_FUNCTION = YES;
				GCC_WARN_UNUSED_VARIABLE = YES;
				IPHONEOS_DEPLOYMENT_TARGET = 18.1;
				LOCALIZATION_PREFERS_STRING_CATALOGS = YES;
				MTL_ENABLE_DEBUG_INFO = INCLUDE_SOURCE;
				MTL_FAST_MATH = YES;
				ONLY_ACTIVE_ARCH = YES;
				SDKROOT = iphoneos;
				SWIFT_ACTIVE_COMPILATION_CONDITIONS = "DEBUG $(inherited)";
				SWIFT_OPTIMIZATION_LEVEL = "-Onone";
			};
			name = Debug;
		};
		EBC334C52D03EF14001D6124 /* Release */ = {
			isa = XCBuildConfiguration;
			buildSettings = {
				ALWAYS_SEARCH_USER_PATHS = NO;
				ASSETCATALOG_COMPILER_GENERATE_SWIFT_ASSET_SYMBOL_EXTENSIONS = YES;
				CLANG_ANALYZER_NONNULL = YES;
				CLANG_ANALYZER_NUMBER_OBJECT_CONVERSION = YES_AGGRESSIVE;
				CLANG_CXX_LANGUAGE_STANDARD = "gnu++20";
				CLANG_ENABLE_MODULES = YES;
				CLANG_ENABLE_OBJC_ARC = YES;
				CLANG_ENABLE_OBJC_WEAK = YES;
				CLANG_WARN_BLOCK_CAPTURE_AUTORELEASING = YES;
				CLANG_WARN_BOOL_CONVERSION = YES;
				CLANG_WARN_COMMA = YES;
				CLANG_WARN_CONSTANT_CONVERSION = YES;
				CLANG_WARN_DEPRECATED_OBJC_IMPLEMENTATIONS = YES;
				CLANG_WARN_DIRECT_OBJC_ISA_USAGE = YES_ERROR;
				CLANG_WARN_DOCUMENTATION_COMMENTS = YES;
				CLANG_WARN_EMPTY_BODY = YES;
				CLANG_WARN_ENUM_CONVERSION = YES;
				CLANG_WARN_INFINITE_RECURSION = YES;
				CLANG_WARN_INT_CONVERSION = YES;
				CLANG_WARN_NON_LITERAL_NULL_CONVERSION = YES;
				CLANG_WARN_OBJC_IMPLICIT_RETAIN_SELF = YES;
				CLANG_WARN_OBJC_LITERAL_CONVERSION = YES;
				CLANG_WARN_OBJC_ROOT_CLASS = YES_ERROR;
				CLANG_WARN_QUOTED_INCLUDE_IN_FRAMEWORK_HEADER = YES;
				CLANG_WARN_RANGE_LOOP_ANALYSIS = YES;
				CLANG_WARN_STRICT_PROTOTYPES = YES;
				CLANG_WARN_SUSPICIOUS_MOVE = YES;
				CLANG_WARN_UNGUARDED_AVAILABILITY = YES_AGGRESSIVE;
				CLANG_WARN_UNREACHABLE_CODE = YES;
				CLANG_WARN__DUPLICATE_METHOD_MATCH = YES;
				COPY_PHASE_STRIP = NO;
				DEBUG_INFORMATION_FORMAT = "dwarf-with-dsym";
				ENABLE_NS_ASSERTIONS = NO;
				ENABLE_STRICT_OBJC_MSGSEND = YES;
				ENABLE_USER_SCRIPT_SANDBOXING = YES;
				GCC_C_LANGUAGE_STANDARD = gnu17;
				GCC_NO_COMMON_BLOCKS = YES;
				GCC_WARN_64_TO_32_BIT_CONVERSION = YES;
				GCC_WARN_ABOUT_RETURN_TYPE = YES_ERROR;
				GCC_WARN_UNDECLARED_SELECTOR = YES;
				GCC_WARN_UNINITIALIZED_AUTOS = YES_AGGRESSIVE;
				GCC_WARN_UNUSED_FUNCTION = YES;
				GCC_WARN_UNUSED_VARIABLE = YES;
				IPHONEOS_DEPLOYMENT_TARGET = 18.1;
				LOCALIZATION_PREFERS_STRING_CATALOGS = YES;
				MTL_ENABLE_DEBUG_INFO = NO;
				MTL_FAST_MATH = YES;
				SDKROOT = iphoneos;
				SWIFT_COMPILATION_MODE = wholemodule;
				VALIDATE_PRODUCT = YES;
			};
			name = Release;
		};
		EBC334C72D03EF14001D6124 /* Debug */ = {
			isa = XCBuildConfiguration;
			buildSettings = {
				ASSETCATALOG_COMPILER_APPICON_NAME = AppIcon;
				ASSETCATALOG_COMPILER_GLOBAL_ACCENT_COLOR_NAME = AccentColor;
				CODE_SIGN_STYLE = Automatic;
				CURRENT_PROJECT_VERSION = 1;
				DEVELOPMENT_ASSET_PATHS = "\"coloree/Preview Content\"";
				DEVELOPMENT_TEAM = NDBNKW33YD;
				ENABLE_PREVIEWS = YES;
				GENERATE_INFOPLIST_FILE = YES;
				INFOPLIST_FILE = coloree/Info.plist;
				INFOPLIST_KEY_UIApplicationSceneManifest_Generation = YES;
				INFOPLIST_KEY_UIApplicationSupportsIndirectInputEvents = YES;
				INFOPLIST_KEY_UILaunchStoryboardName = Lau;
				INFOPLIST_KEY_UISupportedInterfaceOrientations_iPad = "UIInterfaceOrientationPortrait UIInterfaceOrientationPortraitUpsideDown UIInterfaceOrientationLandscapeLeft UIInterfaceOrientationLandscapeRight";
				INFOPLIST_KEY_UISupportedInterfaceOrientations_iPhone = "UIInterfaceOrientationPortrait UIInterfaceOrientationLandscapeLeft UIInterfaceOrientationLandscapeRight";
				LD_RUNPATH_SEARCH_PATHS = (
					"$(inherited)",
					"@executable_path/Frameworks",
				);
				MARKETING_VERSION = 1.0;
				PRODUCT_BUNDLE_IDENTIFIER = esther.coloree;
				PRODUCT_NAME = "$(TARGET_NAME)";
				SWIFT_EMIT_LOC_STRINGS = YES;
				SWIFT_VERSION = 5.0;
				TARGETED_DEVICE_FAMILY = "1,2";
			};
			name = Debug;
		};
		EBC334C82D03EF14001D6124 /* Release */ = {
			isa = XCBuildConfiguration;
			buildSettings = {
				ASSETCATALOG_COMPILER_APPICON_NAME = AppIcon;
				ASSETCATALOG_COMPILER_GLOBAL_ACCENT_COLOR_NAME = AccentColor;
				CODE_SIGN_STYLE = Automatic;
				CURRENT_PROJECT_VERSION = 1;
				DEVELOPMENT_ASSET_PATHS = "\"coloree/Preview Content\"";
				DEVELOPMENT_TEAM = NDBNKW33YD;
				ENABLE_PREVIEWS = YES;
				GENERATE_INFOPLIST_FILE = YES;
				INFOPLIST_FILE = coloree/Info.plist;
				INFOPLIST_KEY_UIApplicationSceneManifest_Generation = YES;
				INFOPLIST_KEY_UIApplicationSupportsIndirectInputEvents = YES;
				INFOPLIST_KEY_UILaunchStoryboardName = Lau;
				INFOPLIST_KEY_UISupportedInterfaceOrientations_iPad = "UIInterfaceOrientationPortrait UIInterfaceOrientationPortraitUpsideDown UIInterfaceOrientationLandscapeLeft UIInterfaceOrientationLandscapeRight";
				INFOPLIST_KEY_UISupportedInterfaceOrientations_iPhone = "UIInterfaceOrientationPortrait UIInterfaceOrientationLandscapeLeft UIInterfaceOrientationLandscapeRight";
				LD_RUNPATH_SEARCH_PATHS = (
					"$(inherited)",
					"@executable_path/Frameworks",
				);
				MARKETING_VERSION = 1.0;
				PRODUCT_BUNDLE_IDENTIFIER = esther.coloree;
				PRODUCT_NAME = "$(TARGET_NAME)";
				SWIFT_EMIT_LOC_STRINGS = YES;
				SWIFT_VERSION = 5.0;
				TARGETED_DEVICE_FAMILY = "1,2";
			};
			name = Release;
		};
		EBC334CA2D03EF14001D6124 /* Debug */ = {
			isa = XCBuildConfiguration;
			buildSettings = {
				BUNDLE_LOADER = "$(TEST_HOST)";
				CODE_SIGN_STYLE = Automatic;
				CURRENT_PROJECT_VERSION = 1;
				DEVELOPMENT_TEAM = NDBNKW33YD;
				GENERATE_INFOPLIST_FILE = YES;
				IPHONEOS_DEPLOYMENT_TARGET = 18.1;
				MARKETING_VERSION = 1.0;
				PRODUCT_BUNDLE_IDENTIFIER = esther.coloreeTests;
				PRODUCT_NAME = "$(TARGET_NAME)";
				SWIFT_EMIT_LOC_STRINGS = NO;
				SWIFT_VERSION = 5.0;
				TARGETED_DEVICE_FAMILY = "1,2";
				TEST_HOST = "$(BUILT_PRODUCTS_DIR)/coloree.app/$(BUNDLE_EXECUTABLE_FOLDER_PATH)/coloree";
			};
			name = Debug;
		};
		EBC334CB2D03EF14001D6124 /* Release */ = {
			isa = XCBuildConfiguration;
			buildSettings = {
				BUNDLE_LOADER = "$(TEST_HOST)";
				CODE_SIGN_STYLE = Automatic;
				CURRENT_PROJECT_VERSION = 1;
				DEVELOPMENT_TEAM = NDBNKW33YD;
				GENERATE_INFOPLIST_FILE = YES;
				IPHONEOS_DEPLOYMENT_TARGET = 18.1;
				MARKETING_VERSION = 1.0;
				PRODUCT_BUNDLE_IDENTIFIER = esther.coloreeTests;
				PRODUCT_NAME = "$(TARGET_NAME)";
				SWIFT_EMIT_LOC_STRINGS = NO;
				SWIFT_VERSION = 5.0;
				TARGETED_DEVICE_FAMILY = "1,2";
				TEST_HOST = "$(BUILT_PRODUCTS_DIR)/coloree.app/$(BUNDLE_EXECUTABLE_FOLDER_PATH)/coloree";
			};
			name = Release;
		};
		EBC334CD2D03EF14001D6124 /* Debug */ = {
			isa = XCBuildConfiguration;
			buildSettings = {
				CODE_SIGN_STYLE = Automatic;
				CURRENT_PROJECT_VERSION = 1;
				DEVELOPMENT_TEAM = NDBNKW33YD;
				GENERATE_INFOPLIST_FILE = YES;
				MARKETING_VERSION = 1.0;
				PRODUCT_BUNDLE_IDENTIFIER = esther.coloreeUITests;
				PRODUCT_NAME = "$(TARGET_NAME)";
				SWIFT_EMIT_LOC_STRINGS = NO;
				SWIFT_VERSION = 5.0;
				TARGETED_DEVICE_FAMILY = "1,2";
				TEST_TARGET_NAME = coloree;
			};
			name = Debug;
		};
		EBC334CE2D03EF14001D6124 /* Release */ = {
			isa = XCBuildConfiguration;
			buildSettings = {
				CODE_SIGN_STYLE = Automatic;
				CURRENT_PROJECT_VERSION = 1;
				DEVELOPMENT_TEAM = NDBNKW33YD;
				GENERATE_INFOPLIST_FILE = YES;
				MARKETING_VERSION = 1.0;
				PRODUCT_BUNDLE_IDENTIFIER = esther.coloreeUITests;
				PRODUCT_NAME = "$(TARGET_NAME)";
				SWIFT_EMIT_LOC_STRINGS = NO;
				SWIFT_VERSION = 5.0;
				TARGETED_DEVICE_FAMILY = "1,2";
				TEST_TARGET_NAME = coloree;
			};
			name = Release;
		};
/* End XCBuildConfiguration section */

/* Begin XCConfigurationList section */
		EBC3349B2D03EF13001D6124 /* Build configuration list for PBXProject "coloree" */ = {
			isa = XCConfigurationList;
			buildConfigurations = (
				EBC334C42D03EF14001D6124 /* Debug */,
				EBC334C52D03EF14001D6124 /* Release */,
			);
			defaultConfigurationIsVisible = 0;
			defaultConfigurationName = Release;
		};
		EBC334C62D03EF14001D6124 /* Build configuration list for PBXNativeTarget "coloree" */ = {
			isa = XCConfigurationList;
			buildConfigurations = (
				EBC334C72D03EF14001D6124 /* Debug */,
				EBC334C82D03EF14001D6124 /* Release */,
			);
			defaultConfigurationIsVisible = 0;
			defaultConfigurationName = Release;
		};
		EBC334C92D03EF14001D6124 /* Build configuration list for PBXNativeTarget "coloreeTests" */ = {
			isa = XCConfigurationList;
			buildConfigurations = (
				EBC334CA2D03EF14001D6124 /* Debug */,
				EBC334CB2D03EF14001D6124 /* Release */,
			);
			defaultConfigurationIsVisible = 0;
			defaultConfigurationName = Release;
		};
		EBC334CC2D03EF14001D6124 /* Build configuration list for PBXNativeTarget "coloreeUITests" */ = {
			isa = XCConfigurationList;
			buildConfigurations = (
				EBC334CD2D03EF14001D6124 /* Debug */,
				EBC334CE2D03EF14001D6124 /* Release */,
			);
			defaultConfigurationIsVisible = 0;
			defaultConfigurationName = Release;
		};
/* End XCConfigurationList section */
	};
	rootObject = EBC334982D03EF13001D6124 /* Project object */;
}
